
Microsoft Visual Studio Solution File, Format Version 12.00
# Visual Studio Version 17
VisualStudioVersion = 17.0.31903.59
MinimumVisualStudioVersion = 10.0.40219.1
Project("{2150E333-8FDC-42A3-9474-1A3956D46DE8}") = "src", "src", "{827E0CD3-B72D-47B6-A68D-7590B98EB39B}"
EndProject
Project("{FAE04EC0-301F-11D3-BF4B-00C04F79EFBC}") = "Nexus.Core", "src\Nexus.Core\Nexus.Core.csproj", "{540D993D-0A54-4B8A-8ED5-3C4F2234737F}"
EndProject
Project("{FAE04EC0-301F-11D3-BF4B-00C04F79EFBC}") = "Nexus.Linker", "src\Nexus.Linker\Nexus.Linker.csproj", "{2F3A0092-B3DE-4E82-B533-9EC7852CB4A9}"
EndProject
Project("{2150E333-8FDC-42A3-9474-1A3956D46DE8}") = "tests", "tests", "{0AB3BF05-4346-4AA6-1389-037BE0695223}"
EndProject
Project("{FAE04EC0-301F-11D3-BF4B-00C04F79EFBC}") = "Nexus.Server.Tests", "tests\Nexus.Server.Tests\Nexus.Server.Tests.csproj", "{1268E0E0-01B0-4B6C-9B47-CC8DD8BA0076}"
EndProject
Global
	GlobalSection(SolutionConfigurationPlatforms) = preSolution
		Debug|Any CPU = Debug|Any CPU
		Debug|x64 = Debug|x64
		Debug|x86 = Debug|x86
		Release|Any CPU = Release|Any CPU
		Release|x64 = Release|x64
		Release|x86 = Release|x86
	EndGlobalSection
	GlobalSection(ProjectConfigurationPlatforms) = postSolution
		{540D993D-0A54-4B8A-8ED5-3C4F2234737F}.Debug|Any CPU.ActiveCfg = Debug|Any CPU
		{540D993D-0A54-4B8A-8ED5-3C4F2234737F}.Debug|Any CPU.Build.0 = Debug|Any CPU
		{540D993D-0A54-4B8A-8ED5-3C4F2234737F}.Debug|x64.ActiveCfg = Debug|Any CPU
		{540D993D-0A54-4B8A-8ED5-3C4F2234737F}.Debug|x64.Build.0 = Debug|Any CPU
		{540D993D-0A54-4B8A-8ED5-3C4F2234737F}.Debug|x86.ActiveCfg = Debug|Any CPU
		{540D993D-0A54-4B8A-8ED5-3C4F2234737F}.Debug|x86.Build.0 = Debug|Any CPU
		{540D993D-0A54-4B8A-8ED5-3C4F2234737F}.Release|Any CPU.ActiveCfg = Release|Any CPU
		{540D993D-0A54-4B8A-8ED5-3C4F2234737F}.Release|Any CPU.Build.0 = Release|Any CPU
		{540D993D-0A54-4B8A-8ED5-3C4F2234737F}.Release|x64.ActiveCfg = Release|Any CPU
		{540D993D-0A54-4B8A-8ED5-3C4F2234737F}.Release|x64.Build.0 = Release|Any CPU
		{540D993D-0A54-4B8A-8ED5-3C4F2234737F}.Release|x86.ActiveCfg = Release|Any CPU
		{540D993D-0A54-4B8A-8ED5-3C4F2234737F}.Release|x86.Build.0 = Release|Any CPU
		{2F3A0092-B3DE-4E82-B533-9EC7852CB4A9}.Debug|Any CPU.ActiveCfg = Debug|Any CPU
		{2F3A0092-B3DE-4E82-B533-9EC7852CB4A9}.Debug|Any CPU.Build.0 = Debug|Any CPU
		{2F3A0092-B3DE-4E82-B533-9EC7852CB4A9}.Debug|x64.ActiveCfg = Debug|Any CPU
		{2F3A0092-B3DE-4E82-B533-9EC7852CB4A9}.Debug|x64.Build.0 = Debug|Any CPU
		{2F3A0092-B3DE-4E82-B533-9EC7852CB4A9}.Debug|x86.ActiveCfg = Debug|Any CPU
		{2F3A0092-B3DE-4E82-B533-9EC7852CB4A9}.Debug|x86.Build.0 = Debug|Any CPU
		{2F3A0092-B3DE-4E82-B533-9EC7852CB4A9}.Release|Any CPU.ActiveCfg = Release|Any CPU
		{2F3A0092-B3DE-4E82-B533-9EC7852CB4A9}.Release|Any CPU.Build.0 = Release|Any CPU
		{2F3A0092-B3DE-4E82-B533-9EC7852CB4A9}.Release|x64.ActiveCfg = Release|Any CPU
		{2F3A0092-B3DE-4E82-B533-9EC7852CB4A9}.Release|x64.Build.0 = Release|Any CPU
		{2F3A0092-B3DE-4E82-B533-9EC7852CB4A9}.Release|x86.ActiveCfg = Release|Any CPU
		{2F3A0092-B3DE-4E82-B533-9EC7852CB4A9}.Release|x86.Build.0 = Release|Any CPU
		{1268E0E0-01B0-4B6C-9B47-CC8DD8BA0076}.Debug|Any CPU.ActiveCfg = Debug|Any CPU
		{1268E0E0-01B0-4B6C-9B47-CC8DD8BA0076}.Debug|Any CPU.Build.0 = Debug|Any CPU
		{1268E0E0-01B0-4B6C-9B47-CC8DD8BA0076}.Debug|x64.ActiveCfg = Debug|Any CPU
		{1268E0E0-01B0-4B6C-9B47-CC8DD8BA0076}.Debug|x64.Build.0 = Debug|Any CPU
		{1268E0E0-01B0-4B6C-9B47-CC8DD8BA0076}.Debug|x86.ActiveCfg = Debug|Any CPU
		{1268E0E0-01B0-4B6C-9B47-CC8DD8BA0076}.Debug|x86.Build.0 = Debug|Any CPU
		{1268E0E0-01B0-4B6C-9B47-CC8DD8BA0076}.Release|Any CPU.ActiveCfg = Release|Any CPU
		{1268E0E0-01B0-4B6C-9B47-CC8DD8BA0076}.Release|Any CPU.Build.0 = Release|Any CPU
		{1268E0E0-01B0-4B6C-9B47-CC8DD8BA0076}.Release|x64.ActiveCfg = Release|Any CPU
		{1268E0E0-01B0-4B6C-9B47-CC8DD8BA0076}.Release|x64.Build.0 = Release|Any CPU
		{1268E0E0-01B0-4B6C-9B47-CC8DD8BA0076}.Release|x86.ActiveCfg = Release|Any CPU
		{1268E0E0-01B0-4B6C-9B47-CC8DD8BA0076}.Release|x86.Build.0 = Release|Any CPU
	EndGlobalSection
	GlobalSection(SolutionProperties) = preSolution
		HideSolutionNode = FALSE
	EndGlobalSection
	GlobalSection(NestedProjects) = preSolution
		{540D993D-0A54-4B8A-8ED5-3C4F2234737F} = {827E0CD3-B72D-47B6-A68D-7590B98EB39B}
		{2F3A0092-B3DE-4E82-B533-9EC7852CB4A9} = {827E0CD3-B72D-47B6-A68D-7590B98EB39B}
		{1268E0E0-01B0-4B6C-9B47-CC8DD8BA0076} = {0AB3BF05-4346-4AA6-1389-037BE0695223}
	EndGlobalSection
EndGlobal
